
Microsoft Visual Studio Solution File, Format Version 12.00
# Visual Studio Version 16
VisualStudioVersion = 16.0.28803.352
MinimumVisualStudioVersion = 10.0.40219.1
Project("{FAE04EC0-301F-11D3-BF4B-00C04F79EFBC}") = "ConsoleApp1", "ConsoleApp1\ConsoleApp1.csproj", "{DE68032D-0FCE-4839-BA3F-95DCB0B998EF}"
EndProject
Global
	GlobalSection(SolutionConfigurationPlatforms) = preSolution
		Debug|Any CPU = Debug|Any CPU
		Release|Any CPU = Release|Any CPU
	EndGlobalSection
	GlobalSection(ProjectConfigurationPlatforms) = postSolution
		{DE68032D-0FCE-4839-BA3F-95DCB0B998EF}.Debug|Any CPU.ActiveCfg = Debug|Any CPU
		{DE68032D-0FCE-4839-BA3F-95DCB0B998EF}.Debug|Any CPU.Build.0 = Debug|Any CPU
		{DE68032D-0FCE-4839-BA3F-95DCB0B998EF}.Release|Any CPU.ActiveCfg = Release|Any CPU
		{DE68032D-0FCE-4839-BA3F-95DCB0B998EF}.Release|Any CPU.Build.0 = Release|Any CPU
	EndGlobalSection
	GlobalSection(SolutionProperties) = preSolution
		HideSolutionNode = FALSE
	EndGlobalSection
	GlobalSection(ExtensibilityGlobals) = postSolution
		SolutionGuid = {F3AF6383-3BB3-4FA8-A4E6-51F329FF33A7}
	EndGlobalSection
EndGlobal
